// !$*UTF8*$!
{
	archiveVersion = 1;
	classes = {
	};
	objectVersion = 55;
	objects = {

/* Begin PBXBuildFile section */
		77A0A246283FFB580004C2F9 /* AppDelegate.swift in Sources */ = {isa = PBXBuildFile; fileRef = 77A0A245283FFB580004C2F9 /* AppDelegate.swift */; };
		77A0A248283FFB580004C2F9 /* SceneDelegate.swift in Sources */ = {isa = PBXBuildFile; fileRef = 77A0A247283FFB580004C2F9 /* SceneDelegate.swift */; };
		77A0A24A283FFB580004C2F9 /* ViewController.swift in Sources */ = {isa = PBXBuildFile; fileRef = 77A0A249283FFB580004C2F9 /* ViewController.swift */; };
		77A0A24D283FFB580004C2F9 /* Main.storyboard in Resources */ = {isa = PBXBuildFile; fileRef = 77A0A24B283FFB580004C2F9 /* Main.storyboard */; };
		77A0A24F283FFB580004C2F9 /* Assets.xcassets in Resources */ = {isa = PBXBuildFile; fileRef = 77A0A24E283FFB580004C2F9 /* Assets.xcassets */; };
		77A0A252283FFB580004C2F9 /* LaunchScreen.storyboard in Resources */ = {isa = PBXBuildFile; fileRef = 77A0A250283FFB580004C2F9 /* LaunchScreen.storyboard */; };
		77A0A25B283FFB700004C2F9 /* level1.txt in Resources */ = {isa = PBXBuildFile; fileRef = 77A0A259283FFB700004C2F9 /* level1.txt */; };
		77A0A25C283FFB700004C2F9 /* level2.txt in Resources */ = {isa = PBXBuildFile; fileRef = 77A0A25A283FFB700004C2F9 /* level2.txt */; };
/* End PBXBuildFile section */

/* Begin PBXFileReference section */
		77A0A242283FFB580004C2F9 /* HWS-08-SevenSwiftyWords.app */ = {isa = PBXFileReference; explicitFileType = wrapper.application; includeInIndex = 0; path = "HWS-08-SevenSwiftyWords.app"; sourceTree = BUILT_PRODUCTS_DIR; };
		77A0A245283FFB580004C2F9 /* AppDelegate.swift */ = {isa = PBXFileReference; lastKnownFileType = sourcecode.swift; path = AppDelegate.swift; sourceTree = "<group>"; };
		77A0A247283FFB580004C2F9 /* SceneDelegate.swift */ = {isa = PBXFileReference; lastKnownFileType = sourcecode.swift; path = SceneDelegate.swift; sourceTree = "<group>"; };
		77A0A249283FFB580004C2F9 /* ViewController.swift */ = {isa = PBXFileReference; lastKnownFileType = sourcecode.swift; path = ViewController.swift; sourceTree = "<group>"; };
		77A0A24C283FFB580004C2F9 /* Base */ = {isa = PBXFileReference; lastKnownFileType = file.storyboard; name = Base; path = Base.lproj/Main.storyboard; sourceTree = "<group>"; };
		77A0A24E283FFB580004C2F9 /* Assets.xcassets */ = {isa = PBXFileReference; lastKnownFileType = folder.assetcatalog; path = Assets.xcassets; sourceTree = "<group>"; };
		77A0A251283FFB580004C2F9 /* Base */ = {isa = PBXFileReference; lastKnownFileType = file.storyboard; name = Base; path = Base.lproj/LaunchScreen.storyboard; sourceTree = "<group>"; };
		77A0A253283FFB580004C2F9 /* Info.plist */ = {isa = PBXFileReference; lastKnownFileType = text.plist.xml; path = Info.plist; sourceTree = "<group>"; };
		77A0A259283FFB700004C2F9 /* level1.txt */ = {isa = PBXFileReference; fileEncoding = 4; lastKnownFileType = text; path = level1.txt; sourceTree = "<group>"; };
		77A0A25A283FFB700004C2F9 /* level2.txt */ = {isa = PBXFileReference; fileEncoding = 4; lastKnownFileType = text; path = level2.txt; sourceTree = "<group>"; };
/* End PBXFileReference section */

/* Begin PBXFrameworksBuildPhase section */
		77A0A23F283FFB580004C2F9 /* Frameworks */ = {
			isa = PBXFrameworksBuildPhase;
			buildActionMask = 2147483647;
			files = (
			);
			runOnlyForDeploymentPostprocessing = 0;
		};
/* End PBXFrameworksBuildPhase section */

/* Begin PBXGroup section */
		77A0A239283FFB580004C2F9 = {
			isa = PBXGroup;
			children = (
				77A0A244283FFB580004C2F9 /* HWS-08-SevenSwiftyWords */,
				77A0A243283FFB580004C2F9 /* Products */,
			);
			sourceTree = "<group>";
		};
		77A0A243283FFB580004C2F9 /* Products */ = {
			isa = PBXGroup;
			children = (
				77A0A242283FFB580004C2F9 /* HWS-08-SevenSwiftyWords.app */,
			);
			name = Products;
			sourceTree = "<group>";
		};
		77A0A244283FFB580004C2F9 /* HWS-08-SevenSwiftyWords */ = {
			isa = PBXGroup;
			children = (
				77A0A245283FFB580004C2F9 /* AppDelegate.swift */,
				77A0A247283FFB580004C2F9 /* SceneDelegate.swift */,
				77A0A249283FFB580004C2F9 /* ViewController.swift */,
				77A0A24B283FFB580004C2F9 /* Main.storyboard */,
				77A0A24E283FFB580004C2F9 /* Assets.xcassets */,
				77A0A250283FFB580004C2F9 /* LaunchScreen.storyboard */,
				77A0A253283FFB580004C2F9 /* Info.plist */,
				77A0A25D283FFBA70004C2F9 /* WordFiles */,
			);
			path = "HWS-08-SevenSwiftyWords";
			sourceTree = "<group>";
		};
		77A0A25D283FFBA70004C2F9 /* WordFiles */ = {
			isa = PBXGroup;
			children = (
				77A0A259283FFB700004C2F9 /* level1.txt */,
				77A0A25A283FFB700004C2F9 /* level2.txt */,
			);
			path = WordFiles;
			sourceTree = "<group>";
		};
/* End PBXGroup section */

/* Begin PBXNativeTarget section */
		77A0A241283FFB580004C2F9 /* HWS-08-SevenSwiftyWords */ = {
			isa = PBXNativeTarget;
			buildConfigurationList = 77A0A256283FFB580004C2F9 /* Build configuration list for PBXNativeTarget "HWS-08-SevenSwiftyWords" */;
			buildPhases = (
				77A0A23E283FFB580004C2F9 /* Sources */,
				77A0A23F283FFB580004C2F9 /* Frameworks */,
				77A0A240283FFB580004C2F9 /* Resources */,
			);
			buildRules = (
			);
			dependencies = (
			);
			name = "HWS-08-SevenSwiftyWords";
			productName = "HWS-08-SevenSwiftyWords";
			productReference = 77A0A242283FFB580004C2F9 /* HWS-08-SevenSwiftyWords.app */;
			productType = "com.apple.product-type.application";
		};
/* End PBXNativeTarget section */

/* Begin PBXProject section */
		77A0A23A283FFB580004C2F9 /* Project object */ = {
			isa = PBXProject;
			attributes = {
				BuildIndependentTargetsInParallel = 1;
				LastSwiftUpdateCheck = 1340;
				LastUpgradeCheck = 1340;
				TargetAttributes = {
					77A0A241283FFB580004C2F9 = {
						CreatedOnToolsVersion = 13.4;
					};
				};
			};
			buildConfigurationList = 77A0A23D283FFB580004C2F9 /* Build configuration list for PBXProject "HWS-08-SevenSwiftyWords" */;
			compatibilityVersion = "Xcode 13.0";
			developmentRegion = en;
			hasScannedForEncodings = 0;
			knownRegions = (
				en,
				Base,
			);
			mainGroup = 77A0A239283FFB580004C2F9;
			productRefGroup = 77A0A243283FFB580004C2F9 /* Products */;
			projectDirPath = "";
			projectRoot = "";
			targets = (
				77A0A241283FFB580004C2F9 /* HWS-08-SevenSwiftyWords */,
			);
		};
/* End PBXProject section */

/* Begin PBXResourcesBuildPhase section */
		77A0A240283FFB580004C2F9 /* Resources */ = {
			isa = PBXResourcesBuildPhase;
			buildActionMask = 2147483647;
			files = (
				77A0A25C283FFB700004C2F9 /* level2.txt in Resources */,
				77A0A252283FFB580004C2F9 /* LaunchScreen.storyboard in Resources */,
				77A0A25B283FFB700004C2F9 /* level1.txt in Resources */,
				77A0A24F283FFB580004C2F9 /* Assets.xcassets in Resources */,
				77A0A24D283FFB580004C2F9 /* Main.storyboard in Resources */,
			);
			runOnlyForDeploymentPostprocessing = 0;
		};
/* End PBXResourcesBuildPhase section */

/* Begin PBXSourcesBuildPhase section */
		77A0A23E283FFB580004C2F9 /* Sources */ = {
			isa = PBXSourcesBuildPhase;
			buildActionMask = 2147483647;
			files = (
				77A0A24A283FFB580004C2F9 /* ViewController.swift in Sources */,
				77A0A246283FFB580004C2F9 /* AppDelegate.swift in Sources */,
				77A0A248283FFB580004C2F9 /* SceneDelegate.swift in Sources */,
			);
			runOnlyForDeploymentPostprocessing = 0;
		};
/* End PBXSourcesBuildPhase section */

/* Begin PBXVariantGroup section */
		77A0A24B283FFB580004C2F9 /* Main.storyboard */ = {
			isa = PBXVariantGroup;
			children = (
				77A0A24C283FFB580004C2F9 /* Base */,
			);
			name = Main.storyboard;
			sourceTree = "<group>";
		};
		77A0A250283FFB580004C2F9 /* LaunchScreen.storyboard */ = {
			isa = PBXVariantGroup;
			children = (
				77A0A251283FFB580004C2F9 /* Base */,
			);
			name = LaunchScreen.storyboard;
			sourceTree = "<group>";
		};
/* End PBXVariantGroup section */

/* Begin XCBuildConfiguration section */
		77A0A254283FFB580004C2F9 /* Debug */ = {
			isa = XCBuildConfiguration;
			buildSettings = {
				ALWAYS_SEARCH_USER_PATHS = NO;
				CLANG_ANALYZER_NONNULL = YES;
				CLANG_ANALYZER_NUMBER_OBJECT_CONVERSION = YES_AGGRESSIVE;
				CLANG_CXX_LANGUAGE_STANDARD = "gnu++17";
				CLANG_ENABLE_MODULES = YES;
				CLANG_ENABLE_OBJC_ARC = YES;
				CLANG_ENABLE_OBJC_WEAK = YES;
				CLANG_WARN_BLOCK_CAPTURE_AUTORELEASING = YES;
				CLANG_WARN_BOOL_CONVERSION = YES;
				CLANG_WARN_COMMA = YES;
				CLANG_WARN_CONSTANT_CONVERSION = YES;
				CLANG_WARN_DEPRECATED_OBJC_IMPLEMENTATIONS = YES;
				CLANG_WARN_DIRECT_OBJC_ISA_USAGE = YES_ERROR;
				CLANG_WARN_DOCUMENTATION_COMMENTS = YES;
				CLANG_WARN_EMPTY_BODY = YES;
				CLANG_WARN_ENUM_CONVERSION = YES;
				CLANG_WARN_INFINITE_RECURSION = YES;
				CLANG_WARN_INT_CONVERSION = YES;
				CLANG_WARN_NON_LITERAL_NULL_CONVERSION = YES;
				CLANG_WARN_OBJC_IMPLICIT_RETAIN_SELF = YES;
				CLANG_WARN_OBJC_LITERAL_CONVERSION = YES;
				CLANG_WARN_OBJC_ROOT_CLASS = YES_ERROR;
				CLANG_WARN_QUOTED_INCLUDE_IN_FRAMEWORK_HEADER = YES;
				CLANG_WARN_RANGE_LOOP_ANALYSIS = YES;
				CLANG_WARN_STRICT_PROTOTYPES = YES;
				CLANG_WARN_SUSPICIOUS_MOVE = YES;
				CLANG_WARN_UNGUARDED_AVAILABILITY = YES_AGGRESSIVE;
				CLANG_WARN_UNREACHABLE_CODE = YES;
				CLANG_WARN__DUPLICATE_METHOD_MATCH = YES;
				COPY_PHASE_STRIP = NO;
				DEBUG_INFORMATION_FORMAT = dwarf;
				ENABLE_STRICT_OBJC_MSGSEND = YES;
				ENABLE_TESTABILITY = YES;
				GCC_C_LANGUAGE_STANDARD = gnu11;
				GCC_DYNAMIC_NO_PIC = NO;
				GCC_NO_COMMON_BLOCKS = YES;
				GCC_OPTIMIZATION_LEVEL = 0;
				GCC_PREPROCESSOR_DEFINITIONS = (
					"DEBUG=1",
					"$(inherited)",
				);
				GCC_WARN_64_TO_32_BIT_CONVERSION = YES;
				GCC_WARN_ABOUT_RETURN_TYPE = YES_ERROR;
				GCC_WARN_UNDECLARED_SELECTOR = YES;
				GCC_WARN_UNINITIALIZED_AUTOS = YES_AGGRESSIVE;
				GCC_WARN_UNUSED_FUNCTION = YES;
				GCC_WARN_UNUSED_VARIABLE = YES;
				IPHONEOS_DEPLOYMENT_TARGET = 15.5;
				MTL_ENABLE_DEBUG_INFO = INCLUDE_SOURCE;
				MTL_FAST_MATH = YES;
				ONLY_ACTIVE_ARCH = YES;
				SDKROOT = iphoneos;
				SWIFT_ACTIVE_COMPILATION_CONDITIONS = DEBUG;
				SWIFT_OPTIMIZATION_LEVEL = "-Onone";
			};
			name = Debug;
		};
		77A0A255283FFB580004C2F9 /* Release */ = {
			isa = XCBuildConfiguration;
			buildSettings = {
				ALWAYS_SEARCH_USER_PATHS = NO;
				CLANG_ANALYZER_NONNULL = YES;
				CLANG_ANALYZER_NUMBER_OBJECT_CONVERSION = YES_AGGRESSIVE;
				CLANG_CXX_LANGUAGE_STANDARD = "gnu++17";
				CLANG_ENABLE_MODULES = YES;
				CLANG_ENABLE_OBJC_ARC = YES;
				CLANG_ENABLE_OBJC_WEAK = YES;
				CLANG_WARN_BLOCK_CAPTURE_AUTORELEASING = YES;
				CLANG_WARN_BOOL_CONVERSION = YES;
				CLANG_WARN_COMMA = YES;
				CLANG_WARN_CONSTANT_CONVERSION = YES;
				CLANG_WARN_DEPRECATED_OBJC_IMPLEMENTATIONS = YES;
				CLANG_WARN_DIRECT_OBJC_ISA_USAGE = YES_ERROR;
				CLANG_WARN_DOCUMENTATION_COMMENTS = YES;
				CLANG_WARN_EMPTY_BODY = YES;
				CLANG_WARN_ENUM_CONVERSION = YES;
				CLANG_WARN_INFINITE_RECURSION = YES;
				CLANG_WARN_INT_CONVERSION = YES;
				CLANG_WARN_NON_LITERAL_NULL_CONVERSION = YES;
				CLANG_WARN_OBJC_IMPLICIT_RETAIN_SELF = YES;
				CLANG_WARN_OBJC_LITERAL_CONVERSION = YES;
				CLANG_WARN_OBJC_ROOT_CLASS = YES_ERROR;
				CLANG_WARN_QUOTED_INCLUDE_IN_FRAMEWORK_HEADER = YES;
				CLANG_WARN_RANGE_LOOP_ANALYSIS = YES;
				CLANG_WARN_STRICT_PROTOTYPES = YES;
				CLANG_WARN_SUSPICIOUS_MOVE = YES;
				CLANG_WARN_UNGUARDED_AVAILABILITY = YES_AGGRESSIVE;
				CLANG_WARN_UNREACHABLE_CODE = YES;
				CLANG_WARN__DUPLICATE_METHOD_MATCH = YES;
				COPY_PHASE_STRIP = NO;
				DEBUG_INFORMATION_FORMAT = "dwarf-with-dsym";
				ENABLE_NS_ASSERTIONS = NO;
				ENABLE_STRICT_OBJC_MSGSEND = YES;
				GCC_C_LANGUAGE_STANDARD = gnu11;
				GCC_NO_COMMON_BLOCKS = YES;
				GCC_WARN_64_TO_32_BIT_CONVERSION = YES;
				GCC_WARN_ABOUT_RETURN_TYPE = YES_ERROR;
				GCC_WARN_UNDECLARED_SELECTOR = YES;
				GCC_WARN_UNINITIALIZED_AUTOS = YES_AGGRESSIVE;
				GCC_WARN_UNUSED_FUNCTION = YES;
				GCC_WARN_UNUSED_VARIABLE = YES;
				IPHONEOS_DEPLOYMENT_TARGET = 15.5;
				MTL_ENABLE_DEBUG_INFO = NO;
				MTL_FAST_MATH = YES;
				SDKROOT = iphoneos;
				SWIFT_COMPILATION_MODE = wholemodule;
				SWIFT_OPTIMIZATION_LEVEL = "-O";
				VALIDATE_PRODUCT = YES;
			};
			name = Release;
		};
		77A0A257283FFB580004C2F9 /* Debug */ = {
			isa = XCBuildConfiguration;
			buildSettings = {
				ASSETCATALOG_COMPILER_APPICON_NAME = AppIcon;
				ASSETCATALOG_COMPILER_GLOBAL_ACCENT_COLOR_NAME = AccentColor;
				CODE_SIGN_STYLE = Automatic;
				CURRENT_PROJECT_VERSION = 1;
				DEVELOPMENT_TEAM = HDMN82H87M;
				GENERATE_INFOPLIST_FILE = YES;
				INFOPLIST_FILE = "HWS-08-SevenSwiftyWords/Info.plist";
				INFOPLIST_KEY_UIApplicationSupportsIndirectInputEvents = YES;
				INFOPLIST_KEY_UILaunchStoryboardName = LaunchScreen;
				INFOPLIST_KEY_UIMainStoryboardFile = Main;
				INFOPLIST_KEY_UISupportedInterfaceOrientations_iPad = "UIInterfaceOrientationPortrait UIInterfaceOrientationPortraitUpsideDown UIInterfaceOrientationLandscapeLeft UIInterfaceOrientationLandscapeRight";
				INFOPLIST_KEY_UISupportedInterfaceOrientations_iPhone = "UIInterfaceOrientationPortrait UIInterfaceOrientationLandscapeLeft UIInterfaceOrientationLandscapeRight";
				LD_RUNPATH_SEARCH_PATHS = (
					"$(inherited)",
					"@executable_path/Frameworks",
				);
				MARKETING_VERSION = 1.0;
				PRODUCT_BUNDLE_IDENTIFIER = "com.PS.HWS-08-SevenSwiftyWords";
				PRODUCT_NAME = "$(TARGET_NAME)";
				SWIFT_EMIT_LOC_STRINGS = YES;
				SWIFT_VERSION = 5.0;
				TARGETED_DEVICE_FAMILY = "1,2";
			};
			name = Debug;
		};
		77A0A258283FFB580004C2F9 /* Release */ = {
			isa = XCBuildConfiguration;
			buildSettings = {
				ASSETCATALOG_COMPILER_APPICON_NAME = AppIcon;
				ASSETCATALOG_COMPILER_GLOBAL_ACCENT_COLOR_NAME = AccentColor;
				CODE_SIGN_STYLE = Automatic;
				CURRENT_PROJECT_VERSION = 1;
				DEVELOPMENT_TEAM = HDMN82H87M;
				GENERATE_INFOPLIST_FILE = YES;
				INFOPLIST_FILE = "HWS-08-SevenSwiftyWords/Info.plist";
				INFOPLIST_KEY_UIApplicationSupportsIndirectInputEvents = YES;
				INFOPLIST_KEY_UILaunchStoryboardName = LaunchScreen;
				INFOPLIST_KEY_UIMainStoryboardFile = Main;
				INFOPLIST_KEY_UISupportedInterfaceOrientations_iPad = "UIInterfaceOrientationPortrait UIInterfaceOrientationPortraitUpsideDown UIInterfaceOrientationLandscapeLeft UIInterfaceOrientationLandscapeRight";
				INFOPLIST_KEY_UISupportedInterfaceOrientations_iPhone = "UIInterfaceOrientationPortrait UIInterfaceOrientationLandscapeLeft UIInterfaceOrientationLandscapeRight";
				LD_RUNPATH_SEARCH_PATHS = (
					"$(inherited)",
					"@executable_path/Frameworks",
				);
				MARKETING_VERSION = 1.0;
				PRODUCT_BUNDLE_IDENTIFIER = "com.PS.HWS-08-SevenSwiftyWords";
				PRODUCT_NAME = "$(TARGET_NAME)";
				SWIFT_EMIT_LOC_STRINGS = YES;
				SWIFT_VERSION = 5.0;
				TARGETED_DEVICE_FAMILY = "1,2";
			};
			name = Release;
		};
/* End XCBuildConfiguration section */

/* Begin XCConfigurationList section */
		77A0A23D283FFB580004C2F9 /* Build configuration list for PBXProject "HWS-08-SevenSwiftyWords" */ = {
			isa = XCConfigurationList;
			buildConfigurations = (
				77A0A254283FFB580004C2F9 /* Debug */,
				77A0A255283FFB580004C2F9 /* Release */,
			);
			defaultConfigurationIsVisible = 0;
			defaultConfigurationName = Release;
		};
		77A0A256283FFB580004C2F9 /* Build configuration list for PBXNativeTarget "HWS-08-SevenSwiftyWords" */ = {
			isa = XCConfigurationList;
			buildConfigurations = (
				77A0A257283FFB580004C2F9 /* Debug */,
				77A0A258283FFB580004C2F9 /* Release */,
			);
			defaultConfigurationIsVisible = 0;
			defaultConfigurationName = Release;
		};
/* End XCConfigurationList section */
	};
	rootObject = 77A0A23A283FFB580004C2F9 /* Project object */;
}
