// !$*UTF8*$!
{
	archiveVersion = 1;
	classes = {
	};
	objectVersion = 55;
	objects = {

/* Begin PBXBuildFile section */
		779ACAE5283EB33100AEB76E /* AppDelegate.swift in Sources */ = {isa = PBXBuildFile; fileRef = 779ACAE4283EB33100AEB76E /* AppDelegate.swift */; };
		779ACAE7283EB33100AEB76E /* SceneDelegate.swift in Sources */ = {isa = PBXBuildFile; fileRef = 779ACAE6283EB33100AEB76E /* SceneDelegate.swift */; };
		779ACAE9283EB33100AEB76E /* ViewController.swift in Sources */ = {isa = PBXBuildFile; fileRef = 779ACAE8283EB33100AEB76E /* ViewController.swift */; };
		779ACAEC283EB33100AEB76E /* Main.storyboard in Resources */ = {isa = PBXBuildFile; fileRef = 779ACAEA283EB33100AEB76E /* Main.storyboard */; };
		779ACAEE283EB33200AEB76E /* Assets.xcassets in Resources */ = {isa = PBXBuildFile; fileRef = 779ACAED283EB33200AEB76E /* Assets.xcassets */; };
		779ACAF1283EB33200AEB76E /* LaunchScreen.storyboard in Resources */ = {isa = PBXBuildFile; fileRef = 779ACAEF283EB33200AEB76E /* LaunchScreen.storyboard */; };
		779ACAF9283EBC9600AEB76E /* Petition.swift in Sources */ = {isa = PBXBuildFile; fileRef = 779ACAF8283EBC9600AEB76E /* Petition.swift */; };
		779ACAFB283EBCD500AEB76E /* Petitions.swift in Sources */ = {isa = PBXBuildFile; fileRef = 779ACAFA283EBCD500AEB76E /* Petitions.swift */; };
		779ACAFD283EC0C500AEB76E /* DetailViewController.swift in Sources */ = {isa = PBXBuildFile; fileRef = 779ACAFC283EC0C500AEB76E /* DetailViewController.swift */; };
/* End PBXBuildFile section */

/* Begin PBXFileReference section */
		779ACAE1283EB33100AEB76E /* HWS-07-WhiteHousePetitions.app */ = {isa = PBXFileReference; explicitFileType = wrapper.application; includeInIndex = 0; path = "HWS-07-WhiteHousePetitions.app"; sourceTree = BUILT_PRODUCTS_DIR; };
		779ACAE4283EB33100AEB76E /* AppDelegate.swift */ = {isa = PBXFileReference; lastKnownFileType = sourcecode.swift; path = AppDelegate.swift; sourceTree = "<group>"; };
		779ACAE6283EB33100AEB76E /* SceneDelegate.swift */ = {isa = PBXFileReference; lastKnownFileType = sourcecode.swift; path = SceneDelegate.swift; sourceTree = "<group>"; };
		779ACAE8283EB33100AEB76E /* ViewController.swift */ = {isa = PBXFileReference; lastKnownFileType = sourcecode.swift; path = ViewController.swift; sourceTree = "<group>"; };
		779ACAEB283EB33100AEB76E /* Base */ = {isa = PBXFileReference; lastKnownFileType = file.storyboard; name = Base; path = Base.lproj/Main.storyboard; sourceTree = "<group>"; };
		779ACAED283EB33200AEB76E /* Assets.xcassets */ = {isa = PBXFileReference; lastKnownFileType = folder.assetcatalog; path = Assets.xcassets; sourceTree = "<group>"; };
		779ACAF0283EB33200AEB76E /* Base */ = {isa = PBXFileReference; lastKnownFileType = file.storyboard; name = Base; path = Base.lproj/LaunchScreen.storyboard; sourceTree = "<group>"; };
		779ACAF2283EB33200AEB76E /* Info.plist */ = {isa = PBXFileReference; lastKnownFileType = text.plist.xml; path = Info.plist; sourceTree = "<group>"; };
		779ACAF8283EBC9600AEB76E /* Petition.swift */ = {isa = PBXFileReference; lastKnownFileType = sourcecode.swift; path = Petition.swift; sourceTree = "<group>"; };
		779ACAFA283EBCD500AEB76E /* Petitions.swift */ = {isa = PBXFileReference; lastKnownFileType = sourcecode.swift; path = Petitions.swift; sourceTree = "<group>"; };
		779ACAFC283EC0C500AEB76E /* DetailViewController.swift */ = {isa = PBXFileReference; lastKnownFileType = sourcecode.swift; path = DetailViewController.swift; sourceTree = "<group>"; };
/* End PBXFileReference section */

/* Begin PBXFrameworksBuildPhase section */
		779ACADE283EB33100AEB76E /* Frameworks */ = {
			isa = PBXFrameworksBuildPhase;
			buildActionMask = 2147483647;
			files = (
			);
			runOnlyForDeploymentPostprocessing = 0;
		};
/* End PBXFrameworksBuildPhase section */

/* Begin PBXGroup section */
		779ACAD8283EB33100AEB76E = {
			isa = PBXGroup;
			children = (
				779ACAE3283EB33100AEB76E /* HWS-07-WhiteHousePetitions */,
				779ACAE2283EB33100AEB76E /* Products */,
			);
			sourceTree = "<group>";
		};
		779ACAE2283EB33100AEB76E /* Products */ = {
			isa = PBXGroup;
			children = (
				779ACAE1283EB33100AEB76E /* HWS-07-WhiteHousePetitions.app */,
			);
			name = Products;
			sourceTree = "<group>";
		};
		779ACAE3283EB33100AEB76E /* HWS-07-WhiteHousePetitions */ = {
			isa = PBXGroup;
			children = (
				779ACAE4283EB33100AEB76E /* AppDelegate.swift */,
				779ACAE6283EB33100AEB76E /* SceneDelegate.swift */,
				779ACAE8283EB33100AEB76E /* ViewController.swift */,
				779ACAFC283EC0C500AEB76E /* DetailViewController.swift */,
				779ACAF8283EBC9600AEB76E /* Petition.swift */,
				779ACAFA283EBCD500AEB76E /* Petitions.swift */,
				779ACAEA283EB33100AEB76E /* Main.storyboard */,
				779ACAED283EB33200AEB76E /* Assets.xcassets */,
				779ACAEF283EB33200AEB76E /* LaunchScreen.storyboard */,
				779ACAF2283EB33200AEB76E /* Info.plist */,
			);
			path = "HWS-07-WhiteHousePetitions";
			sourceTree = "<group>";
		};
/* End PBXGroup section */

/* Begin PBXNativeTarget section */
		779ACAE0283EB33100AEB76E /* HWS-07-WhiteHousePetitions */ = {
			isa = PBXNativeTarget;
			buildConfigurationList = 779ACAF5283EB33200AEB76E /* Build configuration list for PBXNativeTarget "HWS-07-WhiteHousePetitions" */;
			buildPhases = (
				779ACADD283EB33100AEB76E /* Sources */,
				779ACADE283EB33100AEB76E /* Frameworks */,
				779ACADF283EB33100AEB76E /* Resources */,
			);
			buildRules = (
			);
			dependencies = (
			);
			name = "HWS-07-WhiteHousePetitions";
			productName = "HWS-07-WhiteHousePetitions";
			productReference = 779ACAE1283EB33100AEB76E /* HWS-07-WhiteHousePetitions.app */;
			productType = "com.apple.product-type.application";
		};
/* End PBXNativeTarget section */

/* Begin PBXProject section */
		779ACAD9283EB33100AEB76E /* Project object */ = {
			isa = PBXProject;
			attributes = {
				BuildIndependentTargetsInParallel = 1;
				LastSwiftUpdateCheck = 1340;
				LastUpgradeCheck = 1340;
				TargetAttributes = {
					779ACAE0283EB33100AEB76E = {
						CreatedOnToolsVersion = 13.4;
					};
				};
			};
			buildConfigurationList = 779ACADC283EB33100AEB76E /* Build configuration list for PBXProject "HWS-07-WhiteHousePetitions" */;
			compatibilityVersion = "Xcode 13.0";
			developmentRegion = en;
			hasScannedForEncodings = 0;
			knownRegions = (
				en,
				Base,
			);
			mainGroup = 779ACAD8283EB33100AEB76E;
			productRefGroup = 779ACAE2283EB33100AEB76E /* Products */;
			projectDirPath = "";
			projectRoot = "";
			targets = (
				779ACAE0283EB33100AEB76E /* HWS-07-WhiteHousePetitions */,
			);
		};
/* End PBXProject section */

/* Begin PBXResourcesBuildPhase section */
		779ACADF283EB33100AEB76E /* Resources */ = {
			isa = PBXResourcesBuildPhase;
			buildActionMask = 2147483647;
			files = (
				779ACAF1283EB33200AEB76E /* LaunchScreen.storyboard in Resources */,
				779ACAEE283EB33200AEB76E /* Assets.xcassets in Resources */,
				779ACAEC283EB33100AEB76E /* Main.storyboard in Resources */,
			);
			runOnlyForDeploymentPostprocessing = 0;
		};
/* End PBXResourcesBuildPhase section */

/* Begin PBXSourcesBuildPhase section */
		779ACADD283EB33100AEB76E /* Sources */ = {
			isa = PBXSourcesBuildPhase;
			buildActionMask = 2147483647;
			files = (
				779ACAE9283EB33100AEB76E /* ViewController.swift in Sources */,
				779ACAF9283EBC9600AEB76E /* Petition.swift in Sources */,
				779ACAE5283EB33100AEB76E /* AppDelegate.swift in Sources */,
				779ACAFD283EC0C500AEB76E /* DetailViewController.swift in Sources */,
				779ACAE7283EB33100AEB76E /* SceneDelegate.swift in Sources */,
				779ACAFB283EBCD500AEB76E /* Petitions.swift in Sources */,
			);
			runOnlyForDeploymentPostprocessing = 0;
		};
/* End PBXSourcesBuildPhase section */

/* Begin PBXVariantGroup section */
		779ACAEA283EB33100AEB76E /* Main.storyboard */ = {
			isa = PBXVariantGroup;
			children = (
				779ACAEB283EB33100AEB76E /* Base */,
			);
			name = Main.storyboard;
			sourceTree = "<group>";
		};
		779ACAEF283EB33200AEB76E /* LaunchScreen.storyboard */ = {
			isa = PBXVariantGroup;
			children = (
				779ACAF0283EB33200AEB76E /* Base */,
			);
			name = LaunchScreen.storyboard;
			sourceTree = "<group>";
		};
/* End PBXVariantGroup section */

/* Begin XCBuildConfiguration section */
		779ACAF3283EB33200AEB76E /* Debug */ = {
			isa = XCBuildConfiguration;
			buildSettings = {
				ALWAYS_SEARCH_USER_PATHS = NO;
				CLANG_ANALYZER_NONNULL = YES;
				CLANG_ANALYZER_NUMBER_OBJECT_CONVERSION = YES_AGGRESSIVE;
				CLANG_CXX_LANGUAGE_STANDARD = "gnu++17";
				CLANG_ENABLE_MODULES = YES;
				CLANG_ENABLE_OBJC_ARC = YES;
				CLANG_ENABLE_OBJC_WEAK = YES;
				CLANG_WARN_BLOCK_CAPTURE_AUTORELEASING = YES;
				CLANG_WARN_BOOL_CONVERSION = YES;
				CLANG_WARN_COMMA = YES;
				CLANG_WARN_CONSTANT_CONVERSION = YES;
				CLANG_WARN_DEPRECATED_OBJC_IMPLEMENTATIONS = YES;
				CLANG_WARN_DIRECT_OBJC_ISA_USAGE = YES_ERROR;
				CLANG_WARN_DOCUMENTATION_COMMENTS = YES;
				CLANG_WARN_EMPTY_BODY = YES;
				CLANG_WARN_ENUM_CONVERSION = YES;
				CLANG_WARN_INFINITE_RECURSION = YES;
				CLANG_WARN_INT_CONVERSION = YES;
				CLANG_WARN_NON_LITERAL_NULL_CONVERSION = YES;
				CLANG_WARN_OBJC_IMPLICIT_RETAIN_SELF = YES;
				CLANG_WARN_OBJC_LITERAL_CONVERSION = YES;
				CLANG_WARN_OBJC_ROOT_CLASS = YES_ERROR;
				CLANG_WARN_QUOTED_INCLUDE_IN_FRAMEWORK_HEADER = YES;
				CLANG_WARN_RANGE_LOOP_ANALYSIS = YES;
				CLANG_WARN_STRICT_PROTOTYPES = YES;
				CLANG_WARN_SUSPICIOUS_MOVE = YES;
				CLANG_WARN_UNGUARDED_AVAILABILITY = YES_AGGRESSIVE;
				CLANG_WARN_UNREACHABLE_CODE = YES;
				CLANG_WARN__DUPLICATE_METHOD_MATCH = YES;
				COPY_PHASE_STRIP = NO;
				DEBUG_INFORMATION_FORMAT = dwarf;
				ENABLE_STRICT_OBJC_MSGSEND = YES;
				ENABLE_TESTABILITY = YES;
				GCC_C_LANGUAGE_STANDARD = gnu11;
				GCC_DYNAMIC_NO_PIC = NO;
				GCC_NO_COMMON_BLOCKS = YES;
				GCC_OPTIMIZATION_LEVEL = 0;
				GCC_PREPROCESSOR_DEFINITIONS = (
					"DEBUG=1",
					"$(inherited)",
				);
				GCC_WARN_64_TO_32_BIT_CONVERSION = YES;
				GCC_WARN_ABOUT_RETURN_TYPE = YES_ERROR;
				GCC_WARN_UNDECLARED_SELECTOR = YES;
				GCC_WARN_UNINITIALIZED_AUTOS = YES_AGGRESSIVE;
				GCC_WARN_UNUSED_FUNCTION = YES;
				GCC_WARN_UNUSED_VARIABLE = YES;
				IPHONEOS_DEPLOYMENT_TARGET = 15.5;
				MTL_ENABLE_DEBUG_INFO = INCLUDE_SOURCE;
				MTL_FAST_MATH = YES;
				ONLY_ACTIVE_ARCH = YES;
				SDKROOT = iphoneos;
				SWIFT_ACTIVE_COMPILATION_CONDITIONS = DEBUG;
				SWIFT_OPTIMIZATION_LEVEL = "-Onone";
			};
			name = Debug;
		};
		779ACAF4283EB33200AEB76E /* Release */ = {
			isa = XCBuildConfiguration;
			buildSettings = {
				ALWAYS_SEARCH_USER_PATHS = NO;
				CLANG_ANALYZER_NONNULL = YES;
				CLANG_ANALYZER_NUMBER_OBJECT_CONVERSION = YES_AGGRESSIVE;
				CLANG_CXX_LANGUAGE_STANDARD = "gnu++17";
				CLANG_ENABLE_MODULES = YES;
				CLANG_ENABLE_OBJC_ARC = YES;
				CLANG_ENABLE_OBJC_WEAK = YES;
				CLANG_WARN_BLOCK_CAPTURE_AUTORELEASING = YES;
				CLANG_WARN_BOOL_CONVERSION = YES;
				CLANG_WARN_COMMA = YES;
				CLANG_WARN_CONSTANT_CONVERSION = YES;
				CLANG_WARN_DEPRECATED_OBJC_IMPLEMENTATIONS = YES;
				CLANG_WARN_DIRECT_OBJC_ISA_USAGE = YES_ERROR;
				CLANG_WARN_DOCUMENTATION_COMMENTS = YES;
				CLANG_WARN_EMPTY_BODY = YES;
				CLANG_WARN_ENUM_CONVERSION = YES;
				CLANG_WARN_INFINITE_RECURSION = YES;
				CLANG_WARN_INT_CONVERSION = YES;
				CLANG_WARN_NON_LITERAL_NULL_CONVERSION = YES;
				CLANG_WARN_OBJC_IMPLICIT_RETAIN_SELF = YES;
				CLANG_WARN_OBJC_LITERAL_CONVERSION = YES;
				CLANG_WARN_OBJC_ROOT_CLASS = YES_ERROR;
				CLANG_WARN_QUOTED_INCLUDE_IN_FRAMEWORK_HEADER = YES;
				CLANG_WARN_RANGE_LOOP_ANALYSIS = YES;
				CLANG_WARN_STRICT_PROTOTYPES = YES;
				CLANG_WARN_SUSPICIOUS_MOVE = YES;
				CLANG_WARN_UNGUARDED_AVAILABILITY = YES_AGGRESSIVE;
				CLANG_WARN_UNREACHABLE_CODE = YES;
				CLANG_WARN__DUPLICATE_METHOD_MATCH = YES;
				COPY_PHASE_STRIP = NO;
				DEBUG_INFORMATION_FORMAT = "dwarf-with-dsym";
				ENABLE_NS_ASSERTIONS = NO;
				ENABLE_STRICT_OBJC_MSGSEND = YES;
				GCC_C_LANGUAGE_STANDARD = gnu11;
				GCC_NO_COMMON_BLOCKS = YES;
				GCC_WARN_64_TO_32_BIT_CONVERSION = YES;
				GCC_WARN_ABOUT_RETURN_TYPE = YES_ERROR;
				GCC_WARN_UNDECLARED_SELECTOR = YES;
				GCC_WARN_UNINITIALIZED_AUTOS = YES_AGGRESSIVE;
				GCC_WARN_UNUSED_FUNCTION = YES;
				GCC_WARN_UNUSED_VARIABLE = YES;
				IPHONEOS_DEPLOYMENT_TARGET = 15.5;
				MTL_ENABLE_DEBUG_INFO = NO;
				MTL_FAST_MATH = YES;
				SDKROOT = iphoneos;
				SWIFT_COMPILATION_MODE = wholemodule;
				SWIFT_OPTIMIZATION_LEVEL = "-O";
				VALIDATE_PRODUCT = YES;
			};
			name = Release;
		};
		779ACAF6283EB33200AEB76E /* Debug */ = {
			isa = XCBuildConfiguration;
			buildSettings = {
				ASSETCATALOG_COMPILER_APPICON_NAME = AppIcon;
				ASSETCATALOG_COMPILER_GLOBAL_ACCENT_COLOR_NAME = AccentColor;
				CODE_SIGN_STYLE = Automatic;
				CURRENT_PROJECT_VERSION = 1;
				DEVELOPMENT_TEAM = HDMN82H87M;
				GENERATE_INFOPLIST_FILE = YES;
				INFOPLIST_FILE = "HWS-07-WhiteHousePetitions/Info.plist";
				INFOPLIST_KEY_UIApplicationSupportsIndirectInputEvents = YES;
				INFOPLIST_KEY_UILaunchStoryboardName = LaunchScreen;
				INFOPLIST_KEY_UIMainStoryboardFile = Main;
				INFOPLIST_KEY_UISupportedInterfaceOrientations_iPad = "UIInterfaceOrientationPortrait UIInterfaceOrientationPortraitUpsideDown UIInterfaceOrientationLandscapeLeft UIInterfaceOrientationLandscapeRight";
				INFOPLIST_KEY_UISupportedInterfaceOrientations_iPhone = "UIInterfaceOrientationPortrait UIInterfaceOrientationLandscapeLeft UIInterfaceOrientationLandscapeRight";
				LD_RUNPATH_SEARCH_PATHS = (
					"$(inherited)",
					"@executable_path/Frameworks",
				);
				MARKETING_VERSION = 1.0;
				PRODUCT_BUNDLE_IDENTIFIER = "com.PS.HWS-07-WhiteHousePetitions";
				PRODUCT_NAME = "$(TARGET_NAME)";
				SWIFT_EMIT_LOC_STRINGS = YES;
				SWIFT_VERSION = 5.0;
				TARGETED_DEVICE_FAMILY = "1,2";
			};
			name = Debug;
		};
		779ACAF7283EB33200AEB76E /* Release */ = {
			isa = XCBuildConfiguration;
			buildSettings = {
				ASSETCATALOG_COMPILER_APPICON_NAME = AppIcon;
				ASSETCATALOG_COMPILER_GLOBAL_ACCENT_COLOR_NAME = AccentColor;
				CODE_SIGN_STYLE = Automatic;
				CURRENT_PROJECT_VERSION = 1;
				DEVELOPMENT_TEAM = HDMN82H87M;
				GENERATE_INFOPLIST_FILE = YES;
				INFOPLIST_FILE = "HWS-07-WhiteHousePetitions/Info.plist";
				INFOPLIST_KEY_UIApplicationSupportsIndirectInputEvents = YES;
				INFOPLIST_KEY_UILaunchStoryboardName = LaunchScreen;
				INFOPLIST_KEY_UIMainStoryboardFile = Main;
				INFOPLIST_KEY_UISupportedInterfaceOrientations_iPad = "UIInterfaceOrientationPortrait UIInterfaceOrientationPortraitUpsideDown UIInterfaceOrientationLandscapeLeft UIInterfaceOrientationLandscapeRight";
				INFOPLIST_KEY_UISupportedInterfaceOrientations_iPhone = "UIInterfaceOrientationPortrait UIInterfaceOrientationLandscapeLeft UIInterfaceOrientationLandscapeRight";
				LD_RUNPATH_SEARCH_PATHS = (
					"$(inherited)",
					"@executable_path/Frameworks",
				);
				MARKETING_VERSION = 1.0;
				PRODUCT_BUNDLE_IDENTIFIER = "com.PS.HWS-07-WhiteHousePetitions";
				PRODUCT_NAME = "$(TARGET_NAME)";
				SWIFT_EMIT_LOC_STRINGS = YES;
				SWIFT_VERSION = 5.0;
				TARGETED_DEVICE_FAMILY = "1,2";
			};
			name = Release;
		};
/* End XCBuildConfiguration section */

/* Begin XCConfigurationList section */
		779ACADC283EB33100AEB76E /* Build configuration list for PBXProject "HWS-07-WhiteHousePetitions" */ = {
			isa = XCConfigurationList;
			buildConfigurations = (
				779ACAF3283EB33200AEB76E /* Debug */,
				779ACAF4283EB33200AEB76E /* Release */,
			);
			defaultConfigurationIsVisible = 0;
			defaultConfigurationName = Release;
		};
		779ACAF5283EB33200AEB76E /* Build configuration list for PBXNativeTarget "HWS-07-WhiteHousePetitions" */ = {
			isa = XCConfigurationList;
			buildConfigurations = (
				779ACAF6283EB33200AEB76E /* Debug */,
				779ACAF7283EB33200AEB76E /* Release */,
			);
			defaultConfigurationIsVisible = 0;
			defaultConfigurationName = Release;
		};
/* End XCConfigurationList section */
	};
	rootObject = 779ACAD9283EB33100AEB76E /* Project object */;
}
